
Microsoft Visual Studio Solution File, Format Version 12.00
# Visual Studio Version 17
VisualStudioVersion = 17.10.34916.146
MinimumVisualStudioVersion = 10.0.40219.1
Project("{2150E333-8FDC-42A3-9474-1A3956D46DE8}") = "Services", "Services", "{32DC80C0-0F8B-408D-89C5-885C39352DC6}"
EndProject
Project("{2150E333-8FDC-42A3-9474-1A3956D46DE8}") = "Catalog", "Catalog", "{A0B3D85F-E8B1-4602-821B-672562AF304C}"
	ProjectSection(SolutionItems) = preProject
		Services\Discount\Discount.Grpc\appsettings.Development.json = Services\Discount\Discount.Grpc\appsettings.Development.json
		Services\Discount\Discount.Grpc\appsettings.json = Services\Discount\Discount.Grpc\appsettings.json
	EndProjectSection
EndProject
Project("{9A19103F-16F7-4668-BE54-9A1E7A4F7556}") = "Catalog.API", "Services\Catalog\Catalog.API\Catalog.API.csproj", "{7AE86D02-7C3F-4783-9E18-B09E66E946CF}"
EndProject
Project("{2150E333-8FDC-42A3-9474-1A3956D46DE8}") = "BuldingBlocks", "BuldingBlocks", "{072B6CA8-2748-4D17-9BB2-7F54D6035D6C}"
EndProject
Project("{9A19103F-16F7-4668-BE54-9A1E7A4F7556}") = "BuildingBlocks", "BuildingBlocks\BuildingBlocks\BuildingBlocks.csproj", "{9C6E1344-F899-4737-856D-BC8DEFB27AE5}"
EndProject
Project("{E53339B2-1760-4266-BCC7-CA923CBCF16C}") = "docker-compose", "docker-compose.dcproj", "{77C9E457-ED48-45EA-9DD6-A27BF02C6F35}"
EndProject
Project("{2150E333-8FDC-42A3-9474-1A3956D46DE8}") = "Basket", "Basket", "{C8F6E67D-EB93-4651-A422-FD791B2EACAB}"
EndProject
Project("{9A19103F-16F7-4668-BE54-9A1E7A4F7556}") = "Basket.API", "Services\Basket\Basket.API\Basket.API.csproj", "{96B41220-095D-4213-9F78-2150B2D60AA4}"
EndProject
Project("{2150E333-8FDC-42A3-9474-1A3956D46DE8}") = "Discount", "Discount", "{CC0A93AD-4879-4C73-9E5E-1FFE07D7D086}"
EndProject
Project("{9A19103F-16F7-4668-BE54-9A1E7A4F7556}") = "Discount.Grpc", "Services\Discount\Discount.Grpc\Discount.Grpc.csproj", "{6818D190-2AA2-4565-B944-F95BE0FBF2B0}"
EndProject
Project("{2150E333-8FDC-42A3-9474-1A3956D46DE8}") = "ordering", "ordering", "{54A0159E-8854-48C6-BD42-98D975115813}"
EndProject
Project("{FAE04EC0-301F-11D3-BF4B-00C04F79EFBC}") = "Ordering.API", "Services\Ordering\Ordering.API\Ordering.API.csproj", "{91F2BEEF-8DB6-45C4-8C20-BD49E928FFD4}"
EndProject
Global
	GlobalSection(SolutionConfigurationPlatforms) = preSolution
		Debug|Any CPU = Debug|Any CPU
		Release|Any CPU = Release|Any CPU
	EndGlobalSection
	GlobalSection(ProjectConfigurationPlatforms) = postSolution
		{7AE86D02-7C3F-4783-9E18-B09E66E946CF}.Debug|Any CPU.ActiveCfg = Debug|Any CPU
		{7AE86D02-7C3F-4783-9E18-B09E66E946CF}.Debug|Any CPU.Build.0 = Debug|Any CPU
		{7AE86D02-7C3F-4783-9E18-B09E66E946CF}.Release|Any CPU.ActiveCfg = Release|Any CPU
		{7AE86D02-7C3F-4783-9E18-B09E66E946CF}.Release|Any CPU.Build.0 = Release|Any CPU
		{9C6E1344-F899-4737-856D-BC8DEFB27AE5}.Debug|Any CPU.ActiveCfg = Debug|Any CPU
		{9C6E1344-F899-4737-856D-BC8DEFB27AE5}.Debug|Any CPU.Build.0 = Debug|Any CPU
		{9C6E1344-F899-4737-856D-BC8DEFB27AE5}.Release|Any CPU.ActiveCfg = Release|Any CPU
		{9C6E1344-F899-4737-856D-BC8DEFB27AE5}.Release|Any CPU.Build.0 = Release|Any CPU
		{77C9E457-ED48-45EA-9DD6-A27BF02C6F35}.Debug|Any CPU.ActiveCfg = Debug|Any CPU
		{77C9E457-ED48-45EA-9DD6-A27BF02C6F35}.Debug|Any CPU.Build.0 = Debug|Any CPU
		{77C9E457-ED48-45EA-9DD6-A27BF02C6F35}.Release|Any CPU.ActiveCfg = Release|Any CPU
		{77C9E457-ED48-45EA-9DD6-A27BF02C6F35}.Release|Any CPU.Build.0 = Release|Any CPU
		{96B41220-095D-4213-9F78-2150B2D60AA4}.Debug|Any CPU.ActiveCfg = Debug|Any CPU
		{96B41220-095D-4213-9F78-2150B2D60AA4}.Debug|Any CPU.Build.0 = Debug|Any CPU
		{96B41220-095D-4213-9F78-2150B2D60AA4}.Release|Any CPU.ActiveCfg = Release|Any CPU
		{96B41220-095D-4213-9F78-2150B2D60AA4}.Release|Any CPU.Build.0 = Release|Any CPU
		{6818D190-2AA2-4565-B944-F95BE0FBF2B0}.Debug|Any CPU.ActiveCfg = Debug|Any CPU
		{6818D190-2AA2-4565-B944-F95BE0FBF2B0}.Debug|Any CPU.Build.0 = Debug|Any CPU
		{6818D190-2AA2-4565-B944-F95BE0FBF2B0}.Release|Any CPU.ActiveCfg = Release|Any CPU
		{6818D190-2AA2-4565-B944-F95BE0FBF2B0}.Release|Any CPU.Build.0 = Release|Any CPU
		{91F2BEEF-8DB6-45C4-8C20-BD49E928FFD4}.Debug|Any CPU.ActiveCfg = Debug|Any CPU
		{91F2BEEF-8DB6-45C4-8C20-BD49E928FFD4}.Debug|Any CPU.Build.0 = Debug|Any CPU
		{91F2BEEF-8DB6-45C4-8C20-BD49E928FFD4}.Release|Any CPU.ActiveCfg = Release|Any CPU
		{91F2BEEF-8DB6-45C4-8C20-BD49E928FFD4}.Release|Any CPU.Build.0 = Release|Any CPU
	EndGlobalSection
	GlobalSection(SolutionProperties) = preSolution
		HideSolutionNode = FALSE
	EndGlobalSection
	GlobalSection(NestedProjects) = preSolution
		{A0B3D85F-E8B1-4602-821B-672562AF304C} = {32DC80C0-0F8B-408D-89C5-885C39352DC6}
		{7AE86D02-7C3F-4783-9E18-B09E66E946CF} = {A0B3D85F-E8B1-4602-821B-672562AF304C}
		{9C6E1344-F899-4737-856D-BC8DEFB27AE5} = {072B6CA8-2748-4D17-9BB2-7F54D6035D6C}
		{C8F6E67D-EB93-4651-A422-FD791B2EACAB} = {32DC80C0-0F8B-408D-89C5-885C39352DC6}
		{96B41220-095D-4213-9F78-2150B2D60AA4} = {C8F6E67D-EB93-4651-A422-FD791B2EACAB}
		{CC0A93AD-4879-4C73-9E5E-1FFE07D7D086} = {32DC80C0-0F8B-408D-89C5-885C39352DC6}
		{6818D190-2AA2-4565-B944-F95BE0FBF2B0} = {CC0A93AD-4879-4C73-9E5E-1FFE07D7D086}
		{54A0159E-8854-48C6-BD42-98D975115813} = {32DC80C0-0F8B-408D-89C5-885C39352DC6}
		{91F2BEEF-8DB6-45C4-8C20-BD49E928FFD4} = {54A0159E-8854-48C6-BD42-98D975115813}
	EndGlobalSection
	GlobalSection(ExtensibilityGlobals) = postSolution
		SolutionGuid = {6514989F-16DE-4E02-A2F6-959FDA340AAC}
	EndGlobalSection
EndGlobal
